
Microsoft Visual Studio Solution File, Format Version 12.00
# Visual Studio Version 17
VisualStudioVersion = 17.0.31903.59
MinimumVisualStudioVersion = 10.0.40219.1
Project("{9A19103F-16F7-4668-BE54-9A1E7A4F7556}") = "Infrastructure", "Infrastructure\Infrastructure.csproj", "{4FFAECB9-49EF-4C73-BAF5-9C05814B8E5A}"
EndProject
Project("{9A19103F-16F7-4668-BE54-9A1E7A4F7556}") = "Domain", "Domain\Domain.csproj", "{B79810B7-48C2-4CDA-8A13-67256E131E55}"
EndProject
Project("{FAE04EC0-301F-11D3-BF4B-00C04F79EFBC}") = "WebApi", "WebApi\WebApi.csproj", "{5F3A60C6-CB8A-48CF-BD0A-3308180B4BA0}"
EndProject
Global
	GlobalSection(SolutionConfigurationPlatforms) = preSolution
		Debug|Any CPU = Debug|Any CPU
		Release|Any CPU = Release|Any CPU
	EndGlobalSection
	GlobalSection(ProjectConfigurationPlatforms) = postSolution
		{4FFAECB9-49EF-4C73-BAF5-9C05814B8E5A}.Debug|Any CPU.ActiveCfg = Debug|Any CPU
		{4FFAECB9-49EF-4C73-BAF5-9C05814B8E5A}.Debug|Any CPU.Build.0 = Debug|Any CPU
		{4FFAECB9-49EF-4C73-BAF5-9C05814B8E5A}.Release|Any CPU.ActiveCfg = Release|Any CPU
		{4FFAECB9-49EF-4C73-BAF5-9C05814B8E5A}.Release|Any CPU.Build.0 = Release|Any CPU
		{B79810B7-48C2-4CDA-8A13-67256E131E55}.Debug|Any CPU.ActiveCfg = Debug|Any CPU
		{B79810B7-48C2-4CDA-8A13-67256E131E55}.Debug|Any CPU.Build.0 = Debug|Any CPU
		{B79810B7-48C2-4CDA-8A13-67256E131E55}.Release|Any CPU.ActiveCfg = Release|Any CPU
		{B79810B7-48C2-4CDA-8A13-67256E131E55}.Release|Any CPU.Build.0 = Release|Any CPU
		{5F3A60C6-CB8A-48CF-BD0A-3308180B4BA0}.Debug|Any CPU.ActiveCfg = Debug|Any CPU
		{5F3A60C6-CB8A-48CF-BD0A-3308180B4BA0}.Debug|Any CPU.Build.0 = Debug|Any CPU
		{5F3A60C6-CB8A-48CF-BD0A-3308180B4BA0}.Release|Any CPU.ActiveCfg = Release|Any CPU
		{5F3A60C6-CB8A-48CF-BD0A-3308180B4BA0}.Release|Any CPU.Build.0 = Release|Any CPU
	EndGlobalSection
	GlobalSection(SolutionProperties) = preSolution
		HideSolutionNode = FALSE
	EndGlobalSection
	GlobalSection(ExtensibilityGlobals) = postSolution
		SolutionGuid = {9689C783-8261-463C-85DA-B09BFF77515C}
	EndGlobalSection
EndGlobal
